
Microsoft Visual Studio Solution File, Format Version 12.00
# Visual Studio 15
VisualStudioVersion = 15.0.27130.2036
MinimumVisualStudioVersion = 10.0.40219.1
Project("{FAE04EC0-301F-11D3-BF4B-00C04F79EFBC}") = "OtobusSefer", "OtobusSefer\OtobusSefer.csproj", "{C7DFEA1A-45B5-4AE5-9BF9-7E86C46D6387}"
EndProject
Project("{FAE04EC0-301F-11D3-BF4B-00C04F79EFBC}") = "OtobusSefer.BLL", "OtobusSefer.BLL\OtobusSefer.BLL.csproj", "{8FC4B46F-9EC7-4510-91D3-E4818D6FC603}"
EndProject
Project("{FAE04EC0-301F-11D3-BF4B-00C04F79EFBC}") = "OtobusSefer.DAL", "OtobusSefer.DAL\OtobusSefer.DAL.csproj", "{81B48B40-AD7F-413B-BCCD-4C3F88757680}"
EndProject
Global
	GlobalSection(SolutionConfigurationPlatforms) = preSolution
		Debug|Any CPU = Debug|Any CPU
		Release|Any CPU = Release|Any CPU
	EndGlobalSection
	GlobalSection(ProjectConfigurationPlatforms) = postSolution
		{C7DFEA1A-45B5-4AE5-9BF9-7E86C46D6387}.Debug|Any CPU.ActiveCfg = Debug|Any CPU
		{C7DFEA1A-45B5-4AE5-9BF9-7E86C46D6387}.Debug|Any CPU.Build.0 = Debug|Any CPU
		{C7DFEA1A-45B5-4AE5-9BF9-7E86C46D6387}.Release|Any CPU.ActiveCfg = Release|Any CPU
		{C7DFEA1A-45B5-4AE5-9BF9-7E86C46D6387}.Release|Any CPU.Build.0 = Release|Any CPU
		{8FC4B46F-9EC7-4510-91D3-E4818D6FC603}.Debug|Any CPU.ActiveCfg = Debug|Any CPU
		{8FC4B46F-9EC7-4510-91D3-E4818D6FC603}.Debug|Any CPU.Build.0 = Debug|Any CPU
		{8FC4B46F-9EC7-4510-91D3-E4818D6FC603}.Release|Any CPU.ActiveCfg = Release|Any CPU
		{8FC4B46F-9EC7-4510-91D3-E4818D6FC603}.Release|Any CPU.Build.0 = Release|Any CPU
		{81B48B40-AD7F-413B-BCCD-4C3F88757680}.Debug|Any CPU.ActiveCfg = Debug|Any CPU
		{81B48B40-AD7F-413B-BCCD-4C3F88757680}.Debug|Any CPU.Build.0 = Debug|Any CPU
		{81B48B40-AD7F-413B-BCCD-4C3F88757680}.Release|Any CPU.ActiveCfg = Release|Any CPU
		{81B48B40-AD7F-413B-BCCD-4C3F88757680}.Release|Any CPU.Build.0 = Release|Any CPU
	EndGlobalSection
	GlobalSection(SolutionProperties) = preSolution
		HideSolutionNode = FALSE
	EndGlobalSection
	GlobalSection(ExtensibilityGlobals) = postSolution
		SolutionGuid = {72C38C1E-1FBC-4CC7-A104-159132A55DA2}
	EndGlobalSection
EndGlobal
